{
  "version": 4,
  "terraform_version": "1.1.9",
  "serial": 130,
  "lineage": "90cdae36-1728-c446-e589-d288b51aab4a",
  "outputs": {},
  "resources": [
    {
      "module": "module.ec2",
      "mode": "managed",
      "type": "aws_instance",
      "name": "wearslot",
      "provider": "provider[\"registry.terraform.io/hashicorp/aws\"]",
      "instances": []
    },
    {
      "module": "module.ec2",
      "mode": "managed",
      "type": "aws_key_pair",
      "name": "key_pair",
      "provider": "provider[\"registry.terraform.io/hashicorp/aws\"]",
      "instances": [
        {
          "schema_version": 1,
          "attributes": {
            "arn": "arn:aws:ec2:us-east-1:116464412061:key-pair/wearslot",
            "fingerprint": "48:93:cf:61:59:ed:e9:7c:03:9a:8d:bd:83:42:e2:8c",
            "id": "wearslot",
            "key_name": "wearslot",
            "key_name_prefix": "",
            "key_pair_id": "key-09711e1175d45463c",
            "public_key": "ssh-rsa AAAAB3NzaC1yc2EAAAADAQABAAABAQDCovD3NlpTnwfp35T988vqUtXHPFNnK9r8uVuEJHiheLEQPgQS7CwhHbVd1O5vkFxcIfv9SS0GQI91cRcv2RSyF6RgTu4oy1hh+bTOFGhv84CmyIw7lmeVHKlU2ZVguWVVZG7FAj5DQJirwlWDtxbvqNh/TmFeEdVwtAbENsxUo/jFJXyHHYpwlV1k7DGetfqP24WfTPh8uZ3cfWCLMNxUwYo/zB2VOnEtdaBmcbClrJqes3rkIQi1+U8W/kfGm4CK6QCsbaCj9NSCXFsyKbczsRXE5zM3cWazXEsL5MupCIzt1FmeXZc+qoAvhy5JDdBLXqXzsvkP25AEDO3x9xtp",
            "tags": null,
            "tags_all": {}
          },
          "sensitive_attributes": [],
          "private": "eyJzY2hlbWFfdmVyc2lvbiI6IjEifQ==",
          "dependencies": [
            "module.ec2.tls_private_key.key"
          ]
        }
      ]
    },
    {
      "module": "module.ec2",
      "mode": "managed",
      "type": "aws_network_interface",
      "name": "wearslot",
      "provider": "provider[\"registry.terraform.io/hashicorp/aws\"]",
      "instances": [
        {
          "schema_version": 0,
          "attributes": {
            "arn": "arn:aws:ec2:us-east-1:116464412061:network-interface/eni-026fac10356b0130a",
            "attachment": [],
            "description": "",
            "id": "eni-026fac10356b0130a",
            "interface_type": "interface",
            "ipv4_prefix_count": 0,
            "ipv4_prefixes": [],
            "ipv6_address_count": 0,
            "ipv6_address_list": [],
            "ipv6_address_list_enabled": false,
            "ipv6_addresses": [],
            "ipv6_prefix_count": 0,
            "ipv6_prefixes": [],
            "mac_address": "0e:32:91:74:a1:d7",
            "outpost_arn": "",
            "owner_id": "116464412061",
            "private_dns_name": "ip-10-0-0-98.ec2.internal",
            "private_ip": "10.0.0.98",
            "private_ip_list": [
              "10.0.0.98"
            ],
            "private_ip_list_enabled": false,
            "private_ips": [
              "10.0.0.98"
            ],
            "private_ips_count": 0,
            "security_groups": [
              "sg-02519d7e0d9abab2c"
            ],
            "source_dest_check": true,
            "subnet_id": "subnet-0e4b4e2394aeb893a",
            "tags": {
              "Name": "primary_network_interface"
            },
            "tags_all": {
              "Name": "primary_network_interface"
            }
          },
          "sensitive_attributes": [],
          "private": "bnVsbA==",
          "dependencies": [
            "module.vpc.aws_security_group.wearslot",
            "module.vpc.aws_subnet.private",
            "module.vpc.aws_vpc.wearslot"
          ]
        }
      ]
    },
    {
      "module": "module.ec2",
      "mode": "managed",
      "type": "local_file",
      "name": "private_key",
      "provider": "provider[\"registry.terraform.io/hashicorp/local\"]",
      "instances": [
        {
          "schema_version": 0,
          "attributes": {
            "content": null,
            "content_base64": null,
            "directory_permission": "0777",
            "file_permission": "0400",
            "filename": "wearslot.pem",
            "id": "0e90a6938b4465dad6fe7e4f1f5a7fc66a22f9a9",
            "sensitive_content": "-----BEGIN RSA PRIVATE KEY-----\nMIIEpAIBAAKCAQEAwqLw9zZaU58H6d+U/fPL6lLVxzxTZyva/LlbhCR4oXixED4E\nEuwsIR21XdTub5BcXCH7/UktBkCPdXEXL9kUshekYE7uKMtYYfm0zhRob/OApsiM\nO5ZnlRypVNmVYLllVWRuxQI+Q0CYq8JVg7cW76jYf05hXhHVcLQGxDbMVKP4xSV8\nhx2KcJVdZOwxnrX6j9uFn0z4fLmd3H1gizDcVMGKP8wdlTpxLXWgZnGwpayanrN6\n5CEItflPFv5HxpuAiukArG2go/TUglxbMim3M7EVxOczN3Fms1xLC+TLqQiM7dRZ\nnl2XPqqAL4cuSQ3QS16l87L5D9uQBAzt8fcbaQIDAQABAoIBAHOq567SYz2cndRT\n5bRBxSY9EgR0ClCe1GYqNYPDNNko43j2ke844UTQ5e6cUxKD5Q9vttQgP5yek2LE\n0XXC+TSZLjt5zLj7l0uqXNO3dxVIzWTQe94RlP8daFgfclFn/BuSMu3rVlsbMV+p\nfq5nCT9lxTtqthx0VrbCld7Xffix62pZ2qJRxl+OhHURp3iC1SFrMdMoeDQ5h7w2\noyPx4Tks0wvhSsTh/UOcA+F9gOhRsFqZsYKM2Vo1s6UUR5j9cOIvm6cesL6o57c8\nuxQMqY+ZkZUVB8D0CMp8nBP5tpwtAfDC8zk09exppevEDzLaREjwwIN0BuQDnt71\nGl5/KPECgYEAz4wyxXJk99vfFaZPOqYWu/pkwNntYh17gDIPK9R/ZE4JEFRu+G+9\n+CoEeheHxtZEJRL+GBNGejFA5q5XFyVfRwS6619BQFMjwMcTZZSArgZBzQNRb+7N\nXqT5QzN+MHosUNuokcrQawVo6H/f9cF2BxdpZeXM+oF6jdTEN89r1KUCgYEA8BMg\nBe++tryrlEpQ0bNztq9H2vPh2yJzTG9AQhD0OuWL0vxnzxJGWx82ExXbdOPkbBQj\nXYQwqFSSj68i4HuoLlo5D60+GRg0mNCcj07Z72qBAQArX20iuMnd7EfeIgrw8F7w\nLtaDwmHXSN28pH+40IYiRBUL2/6wZE9LfV3DfHUCgYEAp7YkuMSNrnQvurDfSQc5\nS8E0dVokpqooSBkrhUF7h7Q/QsDXw02YdtaNM5OcFiLCgirsxMueodL3HPE4Uu3S\nJfM+kEAy3CXSuE6l7+mmafmIZoAN6KNRtO8etR0BFW9ELDqz5su6yyBd+7KJaW9h\nTq2ub7bYgnzqaX3K6UZlXjkCgYEAzy7SHg1uuulL8afI45BItknCazS5n5G1iysf\ne2SCQSnEZ4qoU83jpdPjqMjeIZxijts6QgRIsZx690EfijdtRsNaJytNQf7ftVmj\nIxHbhoCVYDWzOKFIq8yalsTW8O4cTHTCNsmt39zsG9gwao5HAr4faD35hBviQk8k\nSMbYY9kCgYAZres6Lbv3l+WmxfOhhK6Xx8RCU8LUo0acOseodhY43hewyRfR3732\nvQ6OgIEBU4oSX776JqF7uiKHQzmg8A7yP1geI0+xZ+j1lmaF9uZK3UuxkZO1wR9N\ncqWMzQkELLI5oUvT5wlpMaql22Jqh+SzUeWP1UIpbte8cgHNRGDSFQ==\n-----END RSA PRIVATE KEY-----\n",
            "source": null
          },
          "sensitive_attributes": [
            [
              {
                "type": "get_attr",
                "value": "sensitive_content"
              }
            ]
          ],
          "private": "bnVsbA==",
          "dependencies": [
            "module.ec2.tls_private_key.key"
          ]
        }
      ]
    },
    {
      "module": "module.ec2",
      "mode": "managed",
      "type": "tls_private_key",
      "name": "key",
      "provider": "provider[\"registry.terraform.io/hashicorp/tls\"]",
      "instances": [
        {
          "schema_version": 0,
          "attributes": {
            "algorithm": "RSA",
            "ecdsa_curve": "P224",
            "id": "08c8fd8510039a05184c9d39bd30b36d1432e348",
            "private_key_openssh": "-----BEGIN OPENSSH PRIVATE KEY-----\nb3BlbnNzaC1rZXktdjEAAAAABG5vbmUAAAAEbm9uZQAAAAAAAAABAAABFwAAAAdz\nc2gtcnNhAAAAAwEAAQAAAQEAwqLw9zZaU58H6d+U/fPL6lLVxzxTZyva/LlbhCR4\noXixED4EEuwsIR21XdTub5BcXCH7/UktBkCPdXEXL9kUshekYE7uKMtYYfm0zhRo\nb/OApsiMO5ZnlRypVNmVYLllVWRuxQI+Q0CYq8JVg7cW76jYf05hXhHVcLQGxDbM\nVKP4xSV8hx2KcJVdZOwxnrX6j9uFn0z4fLmd3H1gizDcVMGKP8wdlTpxLXWgZnGw\npayanrN65CEItflPFv5HxpuAiukArG2go/TUglxbMim3M7EVxOczN3Fms1xLC+TL\nqQiM7dRZnl2XPqqAL4cuSQ3QS16l87L5D9uQBAzt8fcbaQAAA7gQGyJPEBsiTwAA\nAAdzc2gtcnNhAAABAQDCovD3NlpTnwfp35T988vqUtXHPFNnK9r8uVuEJHiheLEQ\nPgQS7CwhHbVd1O5vkFxcIfv9SS0GQI91cRcv2RSyF6RgTu4oy1hh+bTOFGhv84Cm\nyIw7lmeVHKlU2ZVguWVVZG7FAj5DQJirwlWDtxbvqNh/TmFeEdVwtAbENsxUo/jF\nJXyHHYpwlV1k7DGetfqP24WfTPh8uZ3cfWCLMNxUwYo/zB2VOnEtdaBmcbClrJqe\ns3rkIQi1+U8W/kfGm4CK6QCsbaCj9NSCXFsyKbczsRXE5zM3cWazXEsL5MupCIzt\n1FmeXZc+qoAvhy5JDdBLXqXzsvkP25AEDO3x9xtpAAAAAwEAAQAAAQBzqueu0mM9\nnJ3UU+W0QcUmPRIEdApQntRmKjWDwzTZKON49pHvOOFE0OXunFMSg+UPb7bUID+c\nnpNixNF1wvk0mS47ecy4+5dLqlzTt3cVSM1k0HveEZT/HWhYH3JRZ/wbkjLt61Zb\nGzFfqX6uZwk/ZcU7arYcdFa2wpXe1334setqWdqiUcZfjoR1Ead4gtUhazHTKHg0\nOYe8NqMj8eE5LNML4UrE4f1DnAPhfYDoUbBambGCjNlaNbOlFEeY/XDiL5unHrC+\nqOe3PLsUDKmPmZGVFQfA9AjKfJwT+bacLQHwwvM5NPXsaaXrxA8y2kRI8MCDdAbk\nA57e9RpefyjxAAAAgBmt6zotu/eX5abF86GErpfHxEJTwtSjRpw6x6h2FjjeF7DJ\nF9Hfvfa9Do6AgQFTihJfvvomoXu6IodDOaDwDvI/WB4jT7Fn6PWWZoX25krdS7GR\nk7XBH01ypYzNCQQssjmhS9PnCWkxqqXbYmqH5LNR5Y/VQilu17xyAc1EYNIVAAAA\ngQDPjDLFcmT3298Vpk86pha7+mTA2e1iHXuAMg8r1H9kTgkQVG74b734KgR6F4fG\n1kQlEv4YE0Z6MUDmrlcXJV9HBLrrX0FAUyPAxxNllICuBkHNA1Fv7s1epPlDM34w\neixQ26iRytBrBWjof9/1wXYHF2ll5cz6gXqN1MQ3z2vUpQAAAIEA8BMgBe++tryr\nlEpQ0bNztq9H2vPh2yJzTG9AQhD0OuWL0vxnzxJGWx82ExXbdOPkbBQjXYQwqFSS\nj68i4HuoLlo5D60+GRg0mNCcj07Z72qBAQArX20iuMnd7EfeIgrw8F7wLtaDwmHX\nSN28pH+40IYiRBUL2/6wZE9LfV3DfHUAAAAAAQID\n-----END OPENSSH PRIVATE KEY-----\n",
            "private_key_pem": "-----BEGIN RSA PRIVATE KEY-----\nMIIEpAIBAAKCAQEAwqLw9zZaU58H6d+U/fPL6lLVxzxTZyva/LlbhCR4oXixED4E\nEuwsIR21XdTub5BcXCH7/UktBkCPdXEXL9kUshekYE7uKMtYYfm0zhRob/OApsiM\nO5ZnlRypVNmVYLllVWRuxQI+Q0CYq8JVg7cW76jYf05hXhHVcLQGxDbMVKP4xSV8\nhx2KcJVdZOwxnrX6j9uFn0z4fLmd3H1gizDcVMGKP8wdlTpxLXWgZnGwpayanrN6\n5CEItflPFv5HxpuAiukArG2go/TUglxbMim3M7EVxOczN3Fms1xLC+TLqQiM7dRZ\nnl2XPqqAL4cuSQ3QS16l87L5D9uQBAzt8fcbaQIDAQABAoIBAHOq567SYz2cndRT\n5bRBxSY9EgR0ClCe1GYqNYPDNNko43j2ke844UTQ5e6cUxKD5Q9vttQgP5yek2LE\n0XXC+TSZLjt5zLj7l0uqXNO3dxVIzWTQe94RlP8daFgfclFn/BuSMu3rVlsbMV+p\nfq5nCT9lxTtqthx0VrbCld7Xffix62pZ2qJRxl+OhHURp3iC1SFrMdMoeDQ5h7w2\noyPx4Tks0wvhSsTh/UOcA+F9gOhRsFqZsYKM2Vo1s6UUR5j9cOIvm6cesL6o57c8\nuxQMqY+ZkZUVB8D0CMp8nBP5tpwtAfDC8zk09exppevEDzLaREjwwIN0BuQDnt71\nGl5/KPECgYEAz4wyxXJk99vfFaZPOqYWu/pkwNntYh17gDIPK9R/ZE4JEFRu+G+9\n+CoEeheHxtZEJRL+GBNGejFA5q5XFyVfRwS6619BQFMjwMcTZZSArgZBzQNRb+7N\nXqT5QzN+MHosUNuokcrQawVo6H/f9cF2BxdpZeXM+oF6jdTEN89r1KUCgYEA8BMg\nBe++tryrlEpQ0bNztq9H2vPh2yJzTG9AQhD0OuWL0vxnzxJGWx82ExXbdOPkbBQj\nXYQwqFSSj68i4HuoLlo5D60+GRg0mNCcj07Z72qBAQArX20iuMnd7EfeIgrw8F7w\nLtaDwmHXSN28pH+40IYiRBUL2/6wZE9LfV3DfHUCgYEAp7YkuMSNrnQvurDfSQc5\nS8E0dVokpqooSBkrhUF7h7Q/QsDXw02YdtaNM5OcFiLCgirsxMueodL3HPE4Uu3S\nJfM+kEAy3CXSuE6l7+mmafmIZoAN6KNRtO8etR0BFW9ELDqz5su6yyBd+7KJaW9h\nTq2ub7bYgnzqaX3K6UZlXjkCgYEAzy7SHg1uuulL8afI45BItknCazS5n5G1iysf\ne2SCQSnEZ4qoU83jpdPjqMjeIZxijts6QgRIsZx690EfijdtRsNaJytNQf7ftVmj\nIxHbhoCVYDWzOKFIq8yalsTW8O4cTHTCNsmt39zsG9gwao5HAr4faD35hBviQk8k\nSMbYY9kCgYAZres6Lbv3l+WmxfOhhK6Xx8RCU8LUo0acOseodhY43hewyRfR3732\nvQ6OgIEBU4oSX776JqF7uiKHQzmg8A7yP1geI0+xZ+j1lmaF9uZK3UuxkZO1wR9N\ncqWMzQkELLI5oUvT5wlpMaql22Jqh+SzUeWP1UIpbte8cgHNRGDSFQ==\n-----END RSA PRIVATE KEY-----\n",
            "public_key_fingerprint_md5": "d8:48:39:c3:da:e8:96:17:13:26:11:21:75:f9:de:7e",
            "public_key_fingerprint_sha256": "SHA256:2ltz5/AxPvcx2z1M5bp0Z+1vCH8Z6liH3TpzrGDW1w0",
            "public_key_openssh": "ssh-rsa AAAAB3NzaC1yc2EAAAADAQABAAABAQDCovD3NlpTnwfp35T988vqUtXHPFNnK9r8uVuEJHiheLEQPgQS7CwhHbVd1O5vkFxcIfv9SS0GQI91cRcv2RSyF6RgTu4oy1hh+bTOFGhv84CmyIw7lmeVHKlU2ZVguWVVZG7FAj5DQJirwlWDtxbvqNh/TmFeEdVwtAbENsxUo/jFJXyHHYpwlV1k7DGetfqP24WfTPh8uZ3cfWCLMNxUwYo/zB2VOnEtdaBmcbClrJqes3rkIQi1+U8W/kfGm4CK6QCsbaCj9NSCXFsyKbczsRXE5zM3cWazXEsL5MupCIzt1FmeXZc+qoAvhy5JDdBLXqXzsvkP25AEDO3x9xtp\n",
            "public_key_pem": "-----BEGIN PUBLIC KEY-----\nMIIBIjANBgkqhkiG9w0BAQEFAAOCAQ8AMIIBCgKCAQEAwqLw9zZaU58H6d+U/fPL\n6lLVxzxTZyva/LlbhCR4oXixED4EEuwsIR21XdTub5BcXCH7/UktBkCPdXEXL9kU\nshekYE7uKMtYYfm0zhRob/OApsiMO5ZnlRypVNmVYLllVWRuxQI+Q0CYq8JVg7cW\n76jYf05hXhHVcLQGxDbMVKP4xSV8hx2KcJVdZOwxnrX6j9uFn0z4fLmd3H1gizDc\nVMGKP8wdlTpxLXWgZnGwpayanrN65CEItflPFv5HxpuAiukArG2go/TUglxbMim3\nM7EVxOczN3Fms1xLC+TLqQiM7dRZnl2XPqqAL4cuSQ3QS16l87L5D9uQBAzt8fcb\naQIDAQAB\n-----END PUBLIC KEY-----\n",
            "rsa_bits": 2048
          },
          "sensitive_attributes": [],
          "private": "bnVsbA=="
        }
      ]
    },
    {
      "module": "module.ecs",
      "mode": "data",
      "type": "aws_iam_policy_document",
      "name": "ecs_service_policy",
      "provider": "provider[\"registry.terraform.io/hashicorp/aws\"]",
      "instances": [
        {
          "schema_version": 0,
          "attributes": {
            "id": "679274036",
            "json": "{\n  \"Version\": \"2012-10-17\",\n  \"Statement\": [\n    {\n      \"Sid\": \"\",\n      \"Effect\": \"Allow\",\n      \"Action\": [\n        \"elasticloadbalancing:RegisterInstancesWithLoadBalancer\",\n        \"elasticloadbalancing:Describe*\",\n        \"elasticloadbalancing:DeregisterInstancesFromLoadBalancer\",\n        \"ec2:Describe*\",\n        \"ec2:AuthorizeSecurityGroupIngress\"\n      ],\n      \"Resource\": \"*\"\n    }\n  ]\n}",
            "override_json": null,
            "override_policy_documents": null,
            "policy_id": null,
            "source_json": null,
            "source_policy_documents": null,
            "statement": [
              {
                "actions": [
                  "ec2:AuthorizeSecurityGroupIngress",
                  "ec2:Describe*",
                  "elasticloadbalancing:DeregisterInstancesFromLoadBalancer",
                  "elasticloadbalancing:Describe*",
                  "elasticloadbalancing:RegisterInstancesWithLoadBalancer"
                ],
                "condition": [],
                "effect": "Allow",
                "not_actions": [],
                "not_principals": [],
                "not_resources": [],
                "principals": [],
                "resources": [
                  "*"
                ],
                "sid": ""
              }
            ],
            "version": "2012-10-17"
          },
          "sensitive_attributes": []
        }
      ]
    },
    {
      "module": "module.ecs",
      "mode": "managed",
      "type": "aws_alb",
      "name": "wearslot",
      "provider": "provider[\"registry.terraform.io/hashicorp/aws\"]",
      "instances": [
        {
          "schema_version": 0,
          "attributes": {
            "access_logs": [
              {
                "bucket": "",
                "enabled": false,
                "prefix": ""
              }
            ],
            "arn": "arn:aws:elasticloadbalancing:us-east-1:116464412061:loadbalancer/app/wslt-default-lb/e0387a0915ea1533",
            "arn_suffix": "app/wslt-default-lb/e0387a0915ea1533",
            "customer_owned_ipv4_pool": "",
            "desync_mitigation_mode": "defensive",
            "dns_name": "wslt-default-lb-868838125.us-east-1.elb.amazonaws.com",
            "drop_invalid_header_fields": false,
            "enable_cross_zone_load_balancing": null,
            "enable_deletion_protection": false,
            "enable_http2": true,
            "enable_waf_fail_open": false,
            "id": "arn:aws:elasticloadbalancing:us-east-1:116464412061:loadbalancer/app/wslt-default-lb/e0387a0915ea1533",
            "idle_timeout": 60,
            "internal": false,
            "ip_address_type": "ipv4",
            "load_balancer_type": "application",
            "name": "wslt-default-lb",
            "name_prefix": null,
            "security_groups": [
              "sg-02519d7e0d9abab2c"
            ],
            "subnet_mapping": [
              {
                "allocation_id": "",
                "ipv6_address": "",
                "outpost_id": "",
                "private_ipv4_address": "",
                "subnet_id": "subnet-00e62519cd707db3a"
              },
              {
                "allocation_id": "",
                "ipv6_address": "",
                "outpost_id": "",
                "private_ipv4_address": "",
                "subnet_id": "subnet-055062633c21c9a60"
              }
            ],
            "subnets": [
              "subnet-00e62519cd707db3a",
              "subnet-05d849d5824ea7bd0"
            ],
            "tags": {
              "Environment": "production"
            },
            "tags_all": {
              "Environment": "production"
            },
            "timeouts": null,
            "vpc_id": "vpc-071b7b1f2c9ad65ab",
            "zone_id": "Z35SXDOTRQ7X7K"
          },
          "sensitive_attributes": [],
          "private": "eyJlMmJmYjczMC1lY2FhLTExZTYtOGY4OC0zNDM2M2JjN2M0YzAiOnsiY3JlYXRlIjo2MDAwMDAwMDAwMDAsImRlbGV0ZSI6NjAwMDAwMDAwMDAwLCJ1cGRhdGUiOjYwMDAwMDAwMDAwMH19",
          "dependencies": [
            "module.vpc.aws_security_group.wearslot",
            "module.vpc.aws_subnet.public",
            "module.vpc.aws_vpc.wearslot",
            "module.vpc.data.aws_availability_zones.available"
          ]
        }
      ]
    },
    {
      "module": "module.ecs",
      "mode": "managed",
      "type": "aws_alb_listener",
      "name": "wearslot",
      "provider": "provider[\"registry.terraform.io/hashicorp/aws\"]",
      "instances": [
        {
          "schema_version": 0,
          "attributes": {
            "alpn_policy": null,
            "arn": "arn:aws:elasticloadbalancing:us-east-1:116464412061:listener/app/wslt-default-lb/e0387a0915ea1533/6a3e2b7ef17ccbff",
            "certificate_arn": null,
            "default_action": [
              {
                "authenticate_cognito": [],
                "authenticate_oidc": [],
                "fixed_response": [],
                "forward": [],
                "order": 1,
                "redirect": [],
                "target_group_arn": "arn:aws:elasticloadbalancing:us-east-1:116464412061:targetgroup/wslt-default-lb-target-group/72e7ddf1da5eebdf",
                "type": "forward"
              }
            ],
            "id": "arn:aws:elasticloadbalancing:us-east-1:116464412061:listener/app/wslt-default-lb/e0387a0915ea1533/6a3e2b7ef17ccbff",
            "load_balancer_arn": "arn:aws:elasticloadbalancing:us-east-1:116464412061:loadbalancer/app/wslt-default-lb/e0387a0915ea1533",
            "port": 80,
            "protocol": "HTTP",
            "ssl_policy": "",
            "tags": {},
            "tags_all": {},
            "timeouts": null
          },
          "sensitive_attributes": [],
          "private": "eyJlMmJmYjczMC1lY2FhLTExZTYtOGY4OC0zNDM2M2JjN2M0YzAiOnsicmVhZCI6NjAwMDAwMDAwMDAwfX0=",
          "dependencies": [
            "module.ecs.aws_alb.wearslot",
            "module.ecs.aws_alb_target_group.wearslot",
            "module.vpc.aws_security_group.wearslot",
            "module.vpc.aws_subnet.public",
            "module.vpc.aws_vpc.wearslot",
            "module.vpc.data.aws_availability_zones.available"
          ]
        }
      ]
    },
    {
      "module": "module.ecs",
      "mode": "managed",
      "type": "aws_alb_target_group",
      "name": "wearslot",
      "provider": "provider[\"registry.terraform.io/hashicorp/aws\"]",
      "instances": [
        {
          "schema_version": 0,
          "attributes": {
            "arn": "arn:aws:elasticloadbalancing:us-east-1:116464412061:targetgroup/wslt-default-lb-target-group/72e7ddf1da5eebdf",
            "arn_suffix": "targetgroup/wslt-default-lb-target-group/72e7ddf1da5eebdf",
            "connection_termination": false,
            "deregistration_delay": "300",
            "health_check": [
              {
                "enabled": true,
                "healthy_threshold": 5,
                "interval": 30,
                "matcher": "200",
                "path": "/",
                "port": "traffic-port",
                "protocol": "HTTP",
                "timeout": 5,
                "unhealthy_threshold": 2
              }
            ],
            "id": "arn:aws:elasticloadbalancing:us-east-1:116464412061:targetgroup/wslt-default-lb-target-group/72e7ddf1da5eebdf",
            "lambda_multi_value_headers_enabled": false,
            "load_balancing_algorithm_type": "round_robin",
            "name": "wslt-default-lb-target-group",
            "name_prefix": null,
            "port": 80,
            "preserve_client_ip": null,
            "protocol": "HTTP",
            "protocol_version": "HTTP1",
            "proxy_protocol_v2": false,
            "slow_start": 0,
            "stickiness": [
              {
                "cookie_duration": 86400,
                "cookie_name": "",
                "enabled": false,
                "type": "lb_cookie"
              }
            ],
            "tags": {},
            "tags_all": {},
            "target_type": "ip",
            "vpc_id": "vpc-071b7b1f2c9ad65ab"
          },
          "sensitive_attributes": [],
          "private": "bnVsbA==",
          "dependencies": [
            "module.vpc.aws_vpc.wearslot"
          ]
        }
      ]
    },
    {
      "module": "module.ecs",
      "mode": "managed",
      "type": "aws_ecr_repository",
      "name": "wearslot_ecr_repo",
      "provider": "provider[\"registry.terraform.io/hashicorp/aws\"]",
      "instances": [
        {
          "schema_version": 0,
          "attributes": {
            "arn": "arn:aws:ecr:us-east-1:116464412061:repository/wearslot",
            "encryption_configuration": [
              {
                "encryption_type": "AES256",
                "kms_key": ""
              }
            ],
            "id": "wearslot",
            "image_scanning_configuration": [
              {
                "scan_on_push": true
              }
            ],
            "image_tag_mutability": "MUTABLE",
            "name": "wearslot",
            "registry_id": "116464412061",
            "repository_url": "116464412061.dkr.ecr.us-east-1.amazonaws.com/wearslot",
            "tags": {},
            "tags_all": {},
            "timeouts": null
          },
          "sensitive_attributes": [],
          "private": "eyJlMmJmYjczMC1lY2FhLTExZTYtOGY4OC0zNDM2M2JjN2M0YzAiOnsiZGVsZXRlIjoxMjAwMDAwMDAwMDAwfX0="
        }
      ]
    },
    {
      "module": "module.ecs",
      "mode": "managed",
      "type": "aws_ecs_cluster",
      "name": "wearslot",
      "provider": "provider[\"registry.terraform.io/hashicorp/aws\"]",
      "instances": [
        {
          "schema_version": 0,
          "attributes": {
            "arn": "arn:aws:ecs:us-east-1:116464412061:cluster/wearslot-cluster",
            "capacity_providers": [],
            "configuration": [],
            "default_capacity_provider_strategy": [],
            "id": "arn:aws:ecs:us-east-1:116464412061:cluster/wearslot-cluster",
            "name": "wearslot-cluster",
            "setting": [
              {
                "name": "containerInsights",
                "value": "enabled"
              }
            ],
            "tags": {},
            "tags_all": {}
          },
          "sensitive_attributes": [],
          "private": "bnVsbA=="
        }
      ]
    },
    {
      "module": "module.ecs",
      "mode": "managed",
      "type": "aws_ecs_task_definition",
      "name": "wearslotapi",
      "provider": "provider[\"registry.terraform.io/hashicorp/aws\"]",
      "instances": [
        {
          "schema_version": 1,
          "attributes": {
            "arn": "arn:aws:ecs:us-east-1:116464412061:task-definition/app:2",
            "container_definitions": "[{\"cpu\":256,\"environment\":[],\"essential\":true,\"image\":\"116464412061.dkr.ecr.us-east-1.amazonaws.com/wearslot\",\"memory\":512,\"mountPoints\":[],\"name\":\"my-first-task\",\"portMappings\":[{\"containerPort\":3000,\"hostPort\":3000,\"protocol\":\"tcp\"}],\"volumesFrom\":[]}]",
            "cpu": "256",
            "ephemeral_storage": [],
            "execution_role_arn": "arn:aws:iam::116464412061:role/wearslot-ecs-iam-role",
            "family": "app",
            "id": "app",
            "inference_accelerator": [],
            "ipc_mode": "",
            "memory": "512",
            "network_mode": "awsvpc",
            "pid_mode": "",
            "placement_constraints": [],
            "proxy_configuration": [],
            "requires_compatibilities": [
              "FARGATE"
            ],
            "revision": 2,
            "runtime_platform": [],
            "skip_destroy": false,
            "tags": {},
            "tags_all": {},
            "task_role_arn": "arn:aws:iam::116464412061:role/wearslot-ecs-iam-role",
            "volume": []
          },
          "sensitive_attributes": [],
          "private": "eyJzY2hlbWFfdmVyc2lvbiI6IjEifQ==",
          "dependencies": [
            "module.ecs.aws_ecr_repository.wearslot_ecr_repo",
            "module.ecs.aws_iam_role.wearslot"
          ]
        }
      ]
    },
    {
      "module": "module.ecs",
      "mode": "managed",
      "type": "aws_iam_role",
      "name": "wearslot",
      "provider": "provider[\"registry.terraform.io/hashicorp/aws\"]",
      "instances": [
        {
          "schema_version": 0,
          "attributes": {
            "arn": "arn:aws:iam::116464412061:role/wearslot-ecs-iam-role",
            "assume_role_policy": "{\"Version\":\"2012-10-17\",\"Statement\":[{\"Sid\":\"\",\"Effect\":\"Allow\",\"Principal\":{\"Service\":\"ec2.amazonaws.com\"},\"Action\":\"sts:AssumeRole\"}]}",
            "create_date": "2022-06-18T22:08:30Z",
            "description": "",
            "force_detach_policies": false,
            "id": "wearslot-ecs-iam-role",
            "inline_policy": [
              {
                "name": "terraform-20220618220831461700000001",
                "policy": "{\n  \"Version\": \"2012-10-17\",\n  \"Statement\": [\n    {\n      \"Sid\": \"\",\n      \"Effect\": \"Allow\",\n      \"Action\": [\n        \"elasticloadbalancing:RegisterInstancesWithLoadBalancer\",\n        \"elasticloadbalancing:Describe*\",\n        \"elasticloadbalancing:DeregisterInstancesFromLoadBalancer\",\n        \"ec2:Describe*\",\n        \"ec2:AuthorizeSecurityGroupIngress\"\n      ],\n      \"Resource\": \"*\"\n    }\n  ]\n}"
              }
            ],
            "managed_policy_arns": [],
            "max_session_duration": 3600,
            "name": "wearslot-ecs-iam-role",
            "name_prefix": "",
            "path": "/",
            "permissions_boundary": null,
            "tags": {},
            "tags_all": {},
            "unique_id": "AROARWHOR4WOQTADDOZP5"
          },
          "sensitive_attributes": [],
          "private": "bnVsbA=="
        }
      ]
    },
    {
      "module": "module.ecs",
      "mode": "managed",
      "type": "aws_iam_role_policy",
      "name": "wearslot",
      "provider": "provider[\"registry.terraform.io/hashicorp/aws\"]",
      "instances": [
        {
          "schema_version": 0,
          "attributes": {
            "id": "wearslot-ecs-iam-role:terraform-20220618220831461700000001",
            "name": "terraform-20220618220831461700000001",
            "name_prefix": null,
            "policy": "{\n  \"Version\": \"2012-10-17\",\n  \"Statement\": [\n    {\n      \"Sid\": \"\",\n      \"Effect\": \"Allow\",\n      \"Action\": [\n        \"elasticloadbalancing:RegisterInstancesWithLoadBalancer\",\n        \"elasticloadbalancing:Describe*\",\n        \"elasticloadbalancing:DeregisterInstancesFromLoadBalancer\",\n        \"ec2:Describe*\",\n        \"ec2:AuthorizeSecurityGroupIngress\"\n      ],\n      \"Resource\": \"*\"\n    }\n  ]\n}",
            "role": "wearslot-ecs-iam-role"
          },
          "sensitive_attributes": [],
          "private": "bnVsbA==",
          "dependencies": [
            "module.ecs.aws_iam_role.wearslot",
            "module.ecs.data.aws_iam_policy_document.ecs_service_policy"
          ]
        }
      ]
    },
    {
      "module": "module.vpc",
      "mode": "data",
      "type": "aws_availability_zones",
      "name": "available",
      "provider": "provider[\"registry.terraform.io/hashicorp/aws\"]",
      "instances": [
        {
          "schema_version": 0,
          "attributes": {
            "all_availability_zones": null,
            "exclude_names": null,
            "exclude_zone_ids": null,
            "filter": null,
            "group_names": [
              "us-east-1"
            ],
            "id": "us-east-1",
            "names": [
              "us-east-1a",
              "us-east-1b",
              "us-east-1c",
              "us-east-1d",
              "us-east-1e",
              "us-east-1f"
            ],
            "state": null,
            "zone_ids": [
              "use1-az6",
              "use1-az1",
              "use1-az2",
              "use1-az4",
              "use1-az3",
              "use1-az5"
            ]
          },
          "sensitive_attributes": []
        }
      ]
    },
    {
      "module": "module.vpc",
      "mode": "managed",
      "type": "aws_eip",
      "name": "wearslot",
      "provider": "provider[\"registry.terraform.io/hashicorp/aws\"]",
      "instances": [
        {
          "index_key": 0,
          "schema_version": 0,
          "attributes": {
            "address": null,
            "allocation_id": "eipalloc-02b308864fcc67480",
            "associate_with_private_ip": null,
            "association_id": "",
            "carrier_ip": "",
            "customer_owned_ip": "",
            "customer_owned_ipv4_pool": "",
            "domain": "vpc",
            "id": "eipalloc-02b308864fcc67480",
            "instance": "",
            "network_border_group": "us-east-1",
            "network_interface": "",
            "private_dns": "ip-10-0-2-119.ec2.internal",
            "private_ip": "",
            "public_dns": "ec2-3-222-108-150.compute-1.amazonaws.com",
            "public_ip": "3.222.108.150",
            "public_ipv4_pool": "amazon",
            "tags": {},
            "tags_all": {},
            "timeouts": null,
            "vpc": true
          },
          "sensitive_attributes": [],
          "private": "eyJlMmJmYjczMC1lY2FhLTExZTYtOGY4OC0zNDM2M2JjN2M0YzAiOnsiZGVsZXRlIjoxODAwMDAwMDAwMDAsInJlYWQiOjkwMDAwMDAwMDAwMCwidXBkYXRlIjozMDAwMDAwMDAwMDB9fQ==",
          "dependencies": [
            "module.vpc.aws_internet_gateway.wearslot",
            "module.vpc.aws_vpc.wearslot"
          ]
        },
        {
          "index_key": 1,
          "schema_version": 0,
          "attributes": {
            "address": null,
            "allocation_id": "eipalloc-0aa738f335885e9fa",
            "associate_with_private_ip": null,
            "association_id": "",
            "carrier_ip": "",
            "customer_owned_ip": "",
            "customer_owned_ipv4_pool": "",
            "domain": "vpc",
            "id": "eipalloc-0aa738f335885e9fa",
            "instance": "",
            "network_border_group": "us-east-1",
            "network_interface": "",
            "private_dns": "ip-10-0-3-214.ec2.internal",
            "private_ip": "",
            "public_dns": "ec2-3-232-137-143.compute-1.amazonaws.com",
            "public_ip": "3.232.137.143",
            "public_ipv4_pool": "amazon",
            "tags": {},
            "tags_all": {},
            "timeouts": null,
            "vpc": true
          },
          "sensitive_attributes": [],
          "private": "eyJlMmJmYjczMC1lY2FhLTExZTYtOGY4OC0zNDM2M2JjN2M0YzAiOnsiZGVsZXRlIjoxODAwMDAwMDAwMDAsInJlYWQiOjkwMDAwMDAwMDAwMCwidXBkYXRlIjozMDAwMDAwMDAwMDB9fQ==",
          "dependencies": [
            "module.vpc.aws_internet_gateway.wearslot",
            "module.vpc.aws_vpc.wearslot"
          ]
        }
      ]
    },
    {
      "module": "module.vpc",
      "mode": "managed",
      "type": "aws_internet_gateway",
      "name": "wearslot",
      "provider": "provider[\"registry.terraform.io/hashicorp/aws\"]",
      "instances": [
        {
          "schema_version": 0,
          "attributes": {
            "arn": "arn:aws:ec2:us-east-1:116464412061:internet-gateway/igw-0b0213e2830850cd8",
            "id": "igw-0b0213e2830850cd8",
            "owner_id": "116464412061",
            "tags": {},
            "tags_all": {},
            "vpc_id": "vpc-071b7b1f2c9ad65ab"
          },
          "sensitive_attributes": [],
          "private": "bnVsbA==",
          "dependencies": [
            "module.vpc.aws_vpc.wearslot"
          ]
        }
      ]
    },
    {
      "module": "module.vpc",
      "mode": "managed",
      "type": "aws_nat_gateway",
      "name": "wearslot",
      "provider": "provider[\"registry.terraform.io/hashicorp/aws\"]",
      "instances": [
        {
          "index_key": 0,
          "schema_version": 0,
          "attributes": {
            "allocation_id": "eipalloc-02b308864fcc67480",
            "connectivity_type": "public",
            "id": "nat-0b057863edf9779e4",
            "network_interface_id": "eni-0041c9ea8d9a0575e",
            "private_ip": "10.0.2.143",
            "public_ip": "3.222.108.150",
            "subnet_id": "subnet-00e62519cd707db3a",
            "tags": null,
            "tags_all": {}
          },
          "sensitive_attributes": [],
          "private": "bnVsbA==",
          "dependencies": [
            "module.vpc.aws_eip.wearslot",
            "module.vpc.aws_subnet.public",
            "module.vpc.aws_vpc.wearslot",
            "module.vpc.data.aws_availability_zones.available"
          ]
        },
        {
          "index_key": 1,
          "schema_version": 0,
          "attributes": {
            "allocation_id": "eipalloc-0aa738f335885e9fa",
            "connectivity_type": "public",
            "id": "nat-0a2bee747c750cca8",
            "network_interface_id": "eni-06666536276f8b0f3",
            "private_ip": "10.0.3.75",
            "public_ip": "3.232.137.143",
            "subnet_id": "subnet-05d849d5824ea7bd0",
            "tags": null,
            "tags_all": {}
          },
          "sensitive_attributes": [],
          "private": "bnVsbA==",
          "dependencies": [
            "module.vpc.aws_eip.wearslot",
            "module.vpc.aws_subnet.public",
            "module.vpc.aws_vpc.wearslot",
            "module.vpc.data.aws_availability_zones.available"
          ]
        }
      ]
    },
    {
      "module": "module.vpc",
      "mode": "managed",
      "type": "aws_route",
      "name": "wearslot",
      "provider": "provider[\"registry.terraform.io/hashicorp/aws\"]",
      "instances": [
        {
          "schema_version": 0,
          "attributes": {
            "carrier_gateway_id": "",
            "core_network_arn": "",
            "destination_cidr_block": "0.0.0.0/0",
            "destination_ipv6_cidr_block": "",
            "destination_prefix_list_id": "",
            "egress_only_gateway_id": "",
            "gateway_id": "igw-0b0213e2830850cd8",
            "id": "r-rtb-008de0bc52641ddbf1080289494",
            "instance_id": "",
            "instance_owner_id": "",
            "local_gateway_id": "",
            "nat_gateway_id": "",
            "network_interface_id": "",
            "origin": "CreateRoute",
            "route_table_id": "rtb-008de0bc52641ddbf",
            "state": "active",
            "timeouts": null,
            "transit_gateway_id": "",
            "vpc_endpoint_id": "",
            "vpc_peering_connection_id": ""
          },
          "sensitive_attributes": [],
          "private": "eyJlMmJmYjczMC1lY2FhLTExZTYtOGY4OC0zNDM2M2JjN2M0YzAiOnsiY3JlYXRlIjozMDAwMDAwMDAwMDAsImRlbGV0ZSI6MzAwMDAwMDAwMDAwLCJ1cGRhdGUiOjEyMDAwMDAwMDAwMH19",
          "dependencies": [
            "module.vpc.aws_internet_gateway.wearslot",
            "module.vpc.aws_route_table.wearslot",
            "module.vpc.aws_vpc.wearslot"
          ]
        }
      ]
    },
    {
      "module": "module.vpc",
      "mode": "managed",
      "type": "aws_route_table",
      "name": "private",
      "provider": "provider[\"registry.terraform.io/hashicorp/aws\"]",
      "instances": [
        {
          "index_key": 0,
          "schema_version": 0,
          "attributes": {
            "arn": "arn:aws:ec2:us-east-1:116464412061:route-table/rtb-0f0eb0d63c82ba3a1",
            "id": "rtb-0f0eb0d63c82ba3a1",
            "owner_id": "116464412061",
            "propagating_vgws": [],
            "route": [
              {
                "carrier_gateway_id": "",
                "cidr_block": "0.0.0.0/0",
                "core_network_arn": "",
                "destination_prefix_list_id": "",
                "egress_only_gateway_id": "",
                "gateway_id": "",
                "instance_id": "",
                "ipv6_cidr_block": "",
                "local_gateway_id": "",
                "nat_gateway_id": "nat-0b057863edf9779e4",
                "network_interface_id": "",
                "transit_gateway_id": "",
                "vpc_endpoint_id": "",
                "vpc_peering_connection_id": ""
              }
            ],
            "tags": {},
            "tags_all": {},
            "timeouts": null,
            "vpc_id": "vpc-071b7b1f2c9ad65ab"
          },
          "sensitive_attributes": [],
          "private": "eyJlMmJmYjczMC1lY2FhLTExZTYtOGY4OC0zNDM2M2JjN2M0YzAiOnsiY3JlYXRlIjozMDAwMDAwMDAwMDAsImRlbGV0ZSI6MzAwMDAwMDAwMDAwLCJ1cGRhdGUiOjEyMDAwMDAwMDAwMH19",
          "dependencies": [
            "module.vpc.aws_eip.wearslot",
            "module.vpc.aws_nat_gateway.wearslot",
            "module.vpc.aws_subnet.public",
            "module.vpc.aws_vpc.wearslot",
            "module.vpc.data.aws_availability_zones.available"
          ]
        },
        {
          "index_key": 1,
          "schema_version": 0,
          "attributes": {
            "arn": "arn:aws:ec2:us-east-1:116464412061:route-table/rtb-067663bd01cc8d527",
            "id": "rtb-067663bd01cc8d527",
            "owner_id": "116464412061",
            "propagating_vgws": [],
            "route": [
              {
                "carrier_gateway_id": "",
                "cidr_block": "0.0.0.0/0",
                "core_network_arn": "",
                "destination_prefix_list_id": "",
                "egress_only_gateway_id": "",
                "gateway_id": "",
                "instance_id": "",
                "ipv6_cidr_block": "",
                "local_gateway_id": "",
                "nat_gateway_id": "nat-0a2bee747c750cca8",
                "network_interface_id": "",
                "transit_gateway_id": "",
                "vpc_endpoint_id": "",
                "vpc_peering_connection_id": ""
              }
            ],
            "tags": {},
            "tags_all": {},
            "timeouts": null,
            "vpc_id": "vpc-071b7b1f2c9ad65ab"
          },
          "sensitive_attributes": [],
          "private": "eyJlMmJmYjczMC1lY2FhLTExZTYtOGY4OC0zNDM2M2JjN2M0YzAiOnsiY3JlYXRlIjozMDAwMDAwMDAwMDAsImRlbGV0ZSI6MzAwMDAwMDAwMDAwLCJ1cGRhdGUiOjEyMDAwMDAwMDAwMH19",
          "dependencies": [
            "module.vpc.aws_eip.wearslot",
            "module.vpc.aws_nat_gateway.wearslot",
            "module.vpc.aws_subnet.public",
            "module.vpc.aws_vpc.wearslot",
            "module.vpc.data.aws_availability_zones.available"
          ]
        }
      ]
    },
    {
      "module": "module.vpc",
      "mode": "managed",
      "type": "aws_route_table",
      "name": "wearslot",
      "provider": "provider[\"registry.terraform.io/hashicorp/aws\"]",
      "instances": [
        {
          "schema_version": 0,
          "attributes": {
            "arn": "arn:aws:ec2:us-east-1:116464412061:route-table/rtb-008de0bc52641ddbf",
            "id": "rtb-008de0bc52641ddbf",
            "owner_id": "116464412061",
            "propagating_vgws": [],
            "route": [
              {
                "carrier_gateway_id": "",
                "cidr_block": "0.0.0.0/0",
                "core_network_arn": "",
                "destination_prefix_list_id": "",
                "egress_only_gateway_id": "",
                "gateway_id": "igw-0b0213e2830850cd8",
                "instance_id": "",
                "ipv6_cidr_block": "",
                "local_gateway_id": "",
                "nat_gateway_id": "",
                "network_interface_id": "",
                "transit_gateway_id": "",
                "vpc_endpoint_id": "",
                "vpc_peering_connection_id": ""
              }
            ],
            "tags": {},
            "tags_all": {},
            "timeouts": null,
            "vpc_id": "vpc-071b7b1f2c9ad65ab"
          },
          "sensitive_attributes": [],
          "private": "eyJlMmJmYjczMC1lY2FhLTExZTYtOGY4OC0zNDM2M2JjN2M0YzAiOnsiY3JlYXRlIjozMDAwMDAwMDAwMDAsImRlbGV0ZSI6MzAwMDAwMDAwMDAwLCJ1cGRhdGUiOjEyMDAwMDAwMDAwMH19",
          "dependencies": [
            "module.vpc.aws_vpc.wearslot"
          ]
        }
      ]
    },
    {
      "module": "module.vpc",
      "mode": "managed",
      "type": "aws_route_table_association",
      "name": "wslt-route-table-assoc-pubs1",
      "provider": "provider[\"registry.terraform.io/hashicorp/aws\"]",
      "instances": [
        {
          "index_key": 0,
          "schema_version": 0,
          "attributes": {
            "gateway_id": "",
            "id": "rtbassoc-031710acddac2290f",
            "route_table_id": "rtb-008de0bc52641ddbf",
            "subnet_id": "subnet-00e62519cd707db3a"
          },
          "sensitive_attributes": [],
          "private": "bnVsbA==",
          "dependencies": [
            "module.vpc.aws_route_table.wearslot",
            "module.vpc.aws_subnet.public",
            "module.vpc.aws_vpc.wearslot",
            "module.vpc.data.aws_availability_zones.available"
          ]
        },
        {
          "index_key": 1,
          "schema_version": 0,
          "attributes": {
            "gateway_id": "",
            "id": "rtbassoc-07f3d5ef89b5663c9",
            "route_table_id": "rtb-008de0bc52641ddbf",
            "subnet_id": "subnet-05d849d5824ea7bd0"
          },
          "sensitive_attributes": [],
          "private": "bnVsbA==",
          "dependencies": [
            "module.vpc.aws_route_table.wearslot",
            "module.vpc.aws_subnet.public",
            "module.vpc.aws_vpc.wearslot",
            "module.vpc.data.aws_availability_zones.available"
          ]
        }
      ]
    },
    {
      "module": "module.vpc",
      "mode": "managed",
      "type": "aws_security_group",
      "name": "wearslot",
      "provider": "provider[\"registry.terraform.io/hashicorp/aws\"]",
      "instances": [
        {
          "schema_version": 1,
          "attributes": {
            "arn": "arn:aws:ec2:us-east-1:116464412061:security-group/sg-02519d7e0d9abab2c",
            "description": "Allow SSH inbound traffic",
            "egress": [
              {
                "cidr_blocks": [
                  "0.0.0.0/0"
                ],
                "description": "",
                "from_port": 0,
                "ipv6_cidr_blocks": [],
                "prefix_list_ids": [],
                "protocol": "-1",
                "security_groups": [],
                "self": false,
                "to_port": 0
              }
            ],
            "id": "sg-02519d7e0d9abab2c",
            "ingress": [
              {
                "cidr_blocks": [
                  "0.0.0.0/0"
                ],
                "description": "Enabling port for ssh connection",
                "from_port": 22,
                "ipv6_cidr_blocks": [],
                "prefix_list_ids": [],
                "protocol": "tcp",
                "security_groups": [],
                "self": false,
                "to_port": 22
              }
            ],
            "name": "terraform-20220618220843377500000002",
            "name_prefix": "terraform-",
            "owner_id": "116464412061",
            "revoke_rules_on_delete": false,
            "tags": {},
            "tags_all": {},
            "timeouts": null,
            "vpc_id": "vpc-071b7b1f2c9ad65ab"
          },
          "sensitive_attributes": [],
          "private": "eyJlMmJmYjczMC1lY2FhLTExZTYtOGY4OC0zNDM2M2JjN2M0YzAiOnsiY3JlYXRlIjo2MDAwMDAwMDAwMDAsImRlbGV0ZSI6OTAwMDAwMDAwMDAwfSwic2NoZW1hX3ZlcnNpb24iOiIxIn0=",
          "dependencies": [
            "module.vpc.aws_vpc.wearslot"
          ]
        }
      ]
    },
    {
      "module": "module.vpc",
      "mode": "managed",
      "type": "aws_security_group",
      "name": "wearslot_ecs_tasks",
      "provider": "provider[\"registry.terraform.io/hashicorp/aws\"]",
      "instances": [
        {
          "schema_version": 1,
          "attributes": {
            "arn": "arn:aws:ec2:us-east-1:116464412061:security-group/sg-016bd1617aad615e2",
            "description": "allow inbound access from the ALB only",
            "egress": [
              {
                "cidr_blocks": [
                  "0.0.0.0/0"
                ],
                "description": "",
                "from_port": 0,
                "ipv6_cidr_blocks": [],
                "prefix_list_ids": [],
                "protocol": "-1",
                "security_groups": [],
                "self": false,
                "to_port": 0
              }
            ],
            "id": "sg-016bd1617aad615e2",
            "ingress": [
              {
                "cidr_blocks": [],
                "description": "",
                "from_port": 3000,
                "ipv6_cidr_blocks": [],
                "prefix_list_ids": [],
                "protocol": "tcp",
                "security_groups": [
                  "sg-02519d7e0d9abab2c"
                ],
                "self": false,
                "to_port": 3000
              }
            ],
            "name": "wearslot-ecs-tasks",
            "name_prefix": "",
            "owner_id": "116464412061",
            "revoke_rules_on_delete": false,
            "tags": {},
            "tags_all": {},
            "timeouts": null,
            "vpc_id": "vpc-071b7b1f2c9ad65ab"
          },
          "sensitive_attributes": [],
          "private": "eyJlMmJmYjczMC1lY2FhLTExZTYtOGY4OC0zNDM2M2JjN2M0YzAiOnsiY3JlYXRlIjo2MDAwMDAwMDAwMDAsImRlbGV0ZSI6OTAwMDAwMDAwMDAwfSwic2NoZW1hX3ZlcnNpb24iOiIxIn0=",
          "dependencies": [
            "module.vpc.aws_security_group.wearslot",
            "module.vpc.aws_vpc.wearslot"
          ]
        }
      ]
    },
    {
      "module": "module.vpc",
      "mode": "managed",
      "type": "aws_subnet",
      "name": "private",
      "provider": "provider[\"registry.terraform.io/hashicorp/aws\"]",
      "instances": [
        {
          "index_key": 0,
          "schema_version": 1,
          "attributes": {
            "arn": "arn:aws:ec2:us-east-1:116464412061:subnet/subnet-0e4b4e2394aeb893a",
            "assign_ipv6_address_on_creation": false,
            "availability_zone": "us-east-1a",
            "availability_zone_id": "use1-az6",
            "cidr_block": "10.0.0.0/24",
            "customer_owned_ipv4_pool": "",
            "enable_dns64": false,
            "enable_resource_name_dns_a_record_on_launch": false,
            "enable_resource_name_dns_aaaa_record_on_launch": false,
            "id": "subnet-0e4b4e2394aeb893a",
            "ipv6_cidr_block": "",
            "ipv6_cidr_block_association_id": "",
            "ipv6_native": false,
            "map_customer_owned_ip_on_launch": false,
            "map_public_ip_on_launch": false,
            "outpost_arn": "",
            "owner_id": "116464412061",
            "private_dns_hostname_type_on_launch": "ip-name",
            "tags": {},
            "tags_all": {},
            "timeouts": null,
            "vpc_id": "vpc-071b7b1f2c9ad65ab"
          },
          "sensitive_attributes": [],
          "private": "eyJlMmJmYjczMC1lY2FhLTExZTYtOGY4OC0zNDM2M2JjN2M0YzAiOnsiY3JlYXRlIjo2MDAwMDAwMDAwMDAsImRlbGV0ZSI6MTIwMDAwMDAwMDAwMH0sInNjaGVtYV92ZXJzaW9uIjoiMSJ9",
          "dependencies": [
            "module.vpc.aws_vpc.wearslot",
            "module.vpc.data.aws_availability_zones.available"
          ]
        },
        {
          "index_key": 1,
          "schema_version": 1,
          "attributes": {
            "arn": "arn:aws:ec2:us-east-1:116464412061:subnet/subnet-07812ea71daac78bd",
            "assign_ipv6_address_on_creation": false,
            "availability_zone": "us-east-1b",
            "availability_zone_id": "use1-az1",
            "cidr_block": "10.0.1.0/24",
            "customer_owned_ipv4_pool": "",
            "enable_dns64": false,
            "enable_resource_name_dns_a_record_on_launch": false,
            "enable_resource_name_dns_aaaa_record_on_launch": false,
            "id": "subnet-07812ea71daac78bd",
            "ipv6_cidr_block": "",
            "ipv6_cidr_block_association_id": "",
            "ipv6_native": false,
            "map_customer_owned_ip_on_launch": false,
            "map_public_ip_on_launch": false,
            "outpost_arn": "",
            "owner_id": "116464412061",
            "private_dns_hostname_type_on_launch": "ip-name",
            "tags": {},
            "tags_all": {},
            "timeouts": null,
            "vpc_id": "vpc-071b7b1f2c9ad65ab"
          },
          "sensitive_attributes": [],
          "private": "eyJlMmJmYjczMC1lY2FhLTExZTYtOGY4OC0zNDM2M2JjN2M0YzAiOnsiY3JlYXRlIjo2MDAwMDAwMDAwMDAsImRlbGV0ZSI6MTIwMDAwMDAwMDAwMH0sInNjaGVtYV92ZXJzaW9uIjoiMSJ9",
          "dependencies": [
            "module.vpc.aws_vpc.wearslot",
            "module.vpc.data.aws_availability_zones.available"
          ]
        }
      ]
    },
    {
      "module": "module.vpc",
      "mode": "managed",
      "type": "aws_subnet",
      "name": "public",
      "provider": "provider[\"registry.terraform.io/hashicorp/aws\"]",
      "instances": [
        {
          "index_key": 0,
          "schema_version": 1,
          "attributes": {
            "arn": "arn:aws:ec2:us-east-1:116464412061:subnet/subnet-00e62519cd707db3a",
            "assign_ipv6_address_on_creation": false,
            "availability_zone": "us-east-1a",
            "availability_zone_id": "use1-az6",
            "cidr_block": "10.0.2.0/24",
            "customer_owned_ipv4_pool": "",
            "enable_dns64": false,
            "enable_resource_name_dns_a_record_on_launch": false,
            "enable_resource_name_dns_aaaa_record_on_launch": false,
            "id": "subnet-00e62519cd707db3a",
            "ipv6_cidr_block": "",
            "ipv6_cidr_block_association_id": "",
            "ipv6_native": false,
            "map_customer_owned_ip_on_launch": false,
            "map_public_ip_on_launch": true,
            "outpost_arn": "",
            "owner_id": "116464412061",
            "private_dns_hostname_type_on_launch": "ip-name",
            "tags": {},
            "tags_all": {},
            "timeouts": null,
            "vpc_id": "vpc-071b7b1f2c9ad65ab"
          },
          "sensitive_attributes": [],
          "private": "eyJlMmJmYjczMC1lY2FhLTExZTYtOGY4OC0zNDM2M2JjN2M0YzAiOnsiY3JlYXRlIjo2MDAwMDAwMDAwMDAsImRlbGV0ZSI6MTIwMDAwMDAwMDAwMH0sInNjaGVtYV92ZXJzaW9uIjoiMSJ9",
          "dependencies": [
            "module.vpc.aws_vpc.wearslot",
            "module.vpc.data.aws_availability_zones.available"
          ]
        },
        {
          "index_key": 1,
          "schema_version": 1,
          "attributes": {
            "arn": "arn:aws:ec2:us-east-1:116464412061:subnet/subnet-05d849d5824ea7bd0",
            "assign_ipv6_address_on_creation": false,
            "availability_zone": "us-east-1b",
            "availability_zone_id": "use1-az1",
            "cidr_block": "10.0.3.0/24",
            "customer_owned_ipv4_pool": "",
            "enable_dns64": false,
            "enable_resource_name_dns_a_record_on_launch": false,
            "enable_resource_name_dns_aaaa_record_on_launch": false,
            "id": "subnet-05d849d5824ea7bd0",
            "ipv6_cidr_block": "",
            "ipv6_cidr_block_association_id": "",
            "ipv6_native": false,
            "map_customer_owned_ip_on_launch": false,
            "map_public_ip_on_launch": true,
            "outpost_arn": "",
            "owner_id": "116464412061",
            "private_dns_hostname_type_on_launch": "ip-name",
            "tags": null,
            "tags_all": {},
            "timeouts": null,
            "vpc_id": "vpc-071b7b1f2c9ad65ab"
          },
          "sensitive_attributes": [],
          "private": "eyJlMmJmYjczMC1lY2FhLTExZTYtOGY4OC0zNDM2M2JjN2M0YzAiOnsiY3JlYXRlIjo2MDAwMDAwMDAwMDAsImRlbGV0ZSI6MTIwMDAwMDAwMDAwMH0sInNjaGVtYV92ZXJzaW9uIjoiMSJ9",
          "dependencies": [
            "module.vpc.aws_vpc.wearslot",
            "module.vpc.data.aws_availability_zones.available"
          ]
        }
      ]
    },
    {
      "module": "module.vpc",
      "mode": "managed",
      "type": "aws_vpc",
      "name": "wearslot",
      "provider": "provider[\"registry.terraform.io/hashicorp/aws\"]",
      "instances": [
        {
          "schema_version": 1,
          "attributes": {
            "arn": "arn:aws:ec2:us-east-1:116464412061:vpc/vpc-071b7b1f2c9ad65ab",
            "assign_generated_ipv6_cidr_block": false,
            "cidr_block": "10.0.0.0/16",
            "default_network_acl_id": "acl-0cac1945a2a90a932",
            "default_route_table_id": "rtb-0e053754aa08e15a2",
            "default_security_group_id": "sg-00da9432a74f8fc09",
            "dhcp_options_id": "dopt-0a5febccd626a0e14",
            "enable_classiclink": false,
            "enable_classiclink_dns_support": false,
            "enable_dns_hostnames": true,
            "enable_dns_support": true,
            "id": "vpc-071b7b1f2c9ad65ab",
            "instance_tenancy": "default",
            "ipv4_ipam_pool_id": null,
            "ipv4_netmask_length": null,
            "ipv6_association_id": "",
            "ipv6_cidr_block": "",
            "ipv6_cidr_block_network_border_group": "",
            "ipv6_ipam_pool_id": "",
            "ipv6_netmask_length": 0,
            "main_route_table_id": "rtb-0e053754aa08e15a2",
            "owner_id": "116464412061",
            "tags": {},
            "tags_all": {}
          },
          "sensitive_attributes": [],
          "private": "eyJzY2hlbWFfdmVyc2lvbiI6IjEifQ=="
        }
      ]
    }
  ]
}
